// !$*UTF8*$!
{
	archiveVersion = 1;
	classes = {
	};
	objectVersion = 54;
	objects = {

/* Begin PBXBuildFile section */
		387464B470CC1DC3BBDBD5BB /* Pods_CovidDeshBoardExtension.framework in Frameworks */ = {isa = PBXBuildFile; fileRef = F431ECC6B6F0C8D7344FB03F /* Pods_CovidDeshBoardExtension.framework */; };
		461A0E727675ED47C3EB9E50 /* Pods_CoNo_CoNoUITests.framework in Frameworks */ = {isa = PBXBuildFile; fileRef = AF79C82C0E474A69E35E1F29 /* Pods_CoNo_CoNoUITests.framework */; };
		5705F6BC2743B2A400CAB9D6 /* DataResponse.swift in Sources */ = {isa = PBXBuildFile; fileRef = 57D7ECE1273D2861000FDE32 /* DataResponse.swift */; };
		570B978E2743A80100038C65 /* DataResponse.swift in Sources */ = {isa = PBXBuildFile; fileRef = 57D7ECE1273D2861000FDE32 /* DataResponse.swift */; };
		570B978F2743A80100038C65 /* DataResponse.swift in Sources */ = {isa = PBXBuildFile; fileRef = 57D7ECE1273D2861000FDE32 /* DataResponse.swift */; };
		571DBD21274335CC00133FEE /* WidgetKit.framework in Frameworks */ = {isa = PBXBuildFile; fileRef = 57D720C7273E2FC900D25391 /* WidgetKit.framework */; };
		571DBD22274335CD00133FEE /* SwiftUI.framework in Frameworks */ = {isa = PBXBuildFile; fileRef = 57D720C9273E2FC900D25391 /* SwiftUI.framework */; };
		571DBD25274335CD00133FEE /* CovidDeshBoard.swift in Sources */ = {isa = PBXBuildFile; fileRef = 571DBD24274335CD00133FEE /* CovidDeshBoard.swift */; };
		571DBD27274335CE00133FEE /* Assets.xcassets in Resources */ = {isa = PBXBuildFile; fileRef = 571DBD26274335CE00133FEE /* Assets.xcassets */; };
		571DBD2B274335CE00133FEE /* CovidDeshBoardExtension.appex in Embed App Extensions */ = {isa = PBXBuildFile; fileRef = 571DBD20274335CC00133FEE /* CovidDeshBoardExtension.appex */; settings = {ATTRIBUTES = (RemoveHeadersOnCopy, ); }; };
		573962F62743ABAF00F53B3D /* BuildFile in Embed Frameworks */ = {isa = PBXBuildFile; settings = {ATTRIBUTES = (CodeSignOnCopy, RemoveHeadersOnCopy, ); }; };
		5784D3AE2743A9080066A5DB /* MainModel.swift in Sources */ = {isa = PBXBuildFile; fileRef = 57D4999627414F3100A39237 /* MainModel.swift */; };
		57BC6D37273FFECF0023FB55 /* ABeeZee-Regular.ttf in Resources */ = {isa = PBXBuildFile; fileRef = 57BC6D36273FFECF0023FB55 /* ABeeZee-Regular.ttf */; };
		57D41F022740918C00298CA9 /* DeshBoardTableViewCell.swift in Sources */ = {isa = PBXBuildFile; fileRef = 57D41F012740918C00298CA9 /* DeshBoardTableViewCell.swift */; };
		57D4998F274134AE00A39237 /* UpdateDateLabelTableViewCell.swift in Sources */ = {isa = PBXBuildFile; fileRef = 57D4998E274134AE00A39237 /* UpdateDateLabelTableViewCell.swift */; };
		57D499912741494300A39237 /* NotoSansKR-Bold.otf in Resources */ = {isa = PBXBuildFile; fileRef = 57D499902741494300A39237 /* NotoSansKR-Bold.otf */; };
		57D499922741494300A39237 /* NotoSansKR-Bold.otf in Resources */ = {isa = PBXBuildFile; fileRef = 57D499902741494300A39237 /* NotoSansKR-Bold.otf */; };
		57D499932741494300A39237 /* NotoSansKR-Bold.otf in Resources */ = {isa = PBXBuildFile; fileRef = 57D499902741494300A39237 /* NotoSansKR-Bold.otf */; };
		57D4999727414F3100A39237 /* MainModel.swift in Sources */ = {isa = PBXBuildFile; fileRef = 57D4999627414F3100A39237 /* MainModel.swift */; };
		57D4999827414F3100A39237 /* MainModel.swift in Sources */ = {isa = PBXBuildFile; fileRef = 57D4999627414F3100A39237 /* MainModel.swift */; };
		57D4999927414F3100A39237 /* MainModel.swift in Sources */ = {isa = PBXBuildFile; fileRef = 57D4999627414F3100A39237 /* MainModel.swift */; };
		57D7ECB0273D21A5000FDE32 /* AppDelegate.swift in Sources */ = {isa = PBXBuildFile; fileRef = 57D7ECAF273D21A5000FDE32 /* AppDelegate.swift */; };
		57D7ECB2273D21A5000FDE32 /* SceneDelegate.swift in Sources */ = {isa = PBXBuildFile; fileRef = 57D7ECB1273D21A5000FDE32 /* SceneDelegate.swift */; };
		57D7ECB9273D21A7000FDE32 /* Assets.xcassets in Resources */ = {isa = PBXBuildFile; fileRef = 57D7ECB8273D21A7000FDE32 /* Assets.xcassets */; };
		57D7ECBC273D21A7000FDE32 /* LaunchScreen.storyboard in Resources */ = {isa = PBXBuildFile; fileRef = 57D7ECBA273D21A7000FDE32 /* LaunchScreen.storyboard */; };
		57D7ECC7273D21A7000FDE32 /* CoNoTests.swift in Sources */ = {isa = PBXBuildFile; fileRef = 57D7ECC6273D21A7000FDE32 /* CoNoTests.swift */; };
		57D7ECD1273D21A7000FDE32 /* CoNoUITests.swift in Sources */ = {isa = PBXBuildFile; fileRef = 57D7ECD0273D21A7000FDE32 /* CoNoUITests.swift */; };
		57D7ECD3273D21A7000FDE32 /* CoNoUITestsLaunchTests.swift in Sources */ = {isa = PBXBuildFile; fileRef = 57D7ECD2273D21A7000FDE32 /* CoNoUITestsLaunchTests.swift */; };
		57D7ECE0273D2238000FDE32 /* MainViewController.swift in Sources */ = {isa = PBXBuildFile; fileRef = 57D7ECDF273D2238000FDE32 /* MainViewController.swift */; };
		57D7ECE2273D2861000FDE32 /* DataResponse.swift in Sources */ = {isa = PBXBuildFile; fileRef = 57D7ECE1273D2861000FDE32 /* DataResponse.swift */; };
		7D77AAB2CA83F8D226E3D6EB /* Pods_CoNoTests.framework in Frameworks */ = {isa = PBXBuildFile; fileRef = 265BC1725A0D71D4D1A34DD4 /* Pods_CoNoTests.framework */; };
		FF4E37DCAC6E6FDB43F74D35 /* Pods_CoNo.framework in Frameworks */ = {isa = PBXBuildFile; fileRef = DCE3E5727B65B1D3451A37A8 /* Pods_CoNo.framework */; };
/* End PBXBuildFile section */

/* Begin PBXContainerItemProxy section */
		571DBD29274335CE00133FEE /* PBXContainerItemProxy */ = {
			isa = PBXContainerItemProxy;
			containerPortal = 57D7ECA4273D21A5000FDE32 /* Project object */;
			proxyType = 1;
			remoteGlobalIDString = 571DBD1F274335CC00133FEE;
			remoteInfo = CovidDeshBoardExtension;
		};
		57D7ECC3273D21A7000FDE32 /* PBXContainerItemProxy */ = {
			isa = PBXContainerItemProxy;
			containerPortal = 57D7ECA4273D21A5000FDE32 /* Project object */;
			proxyType = 1;
			remoteGlobalIDString = 57D7ECAB273D21A5000FDE32;
			remoteInfo = CoNo;
		};
		57D7ECCD273D21A7000FDE32 /* PBXContainerItemProxy */ = {
			isa = PBXContainerItemProxy;
			containerPortal = 57D7ECA4273D21A5000FDE32 /* Project object */;
			proxyType = 1;
			remoteGlobalIDString = 57D7ECAB273D21A5000FDE32;
			remoteInfo = CoNo;
		};
/* End PBXContainerItemProxy section */

/* Begin PBXCopyFilesBuildPhase section */
		573962F72743ABB000F53B3D /* Embed Frameworks */ = {
			isa = PBXCopyFilesBuildPhase;
			buildActionMask = 2147483647;
			dstPath = "";
			dstSubfolderSpec = 10;
			files = (
				573962F62743ABAF00F53B3D /* BuildFile in Embed Frameworks */,
			);
			name = "Embed Frameworks";
			runOnlyForDeploymentPostprocessing = 0;
		};
		57D720D7273E2FCB00D25391 /* Embed App Extensions */ = {
			isa = PBXCopyFilesBuildPhase;
			buildActionMask = 2147483647;
			dstPath = "";
			dstSubfolderSpec = 13;
			files = (
				571DBD2B274335CE00133FEE /* CovidDeshBoardExtension.appex in Embed App Extensions */,
			);
			name = "Embed App Extensions";
			runOnlyForDeploymentPostprocessing = 0;
		};
/* End PBXCopyFilesBuildPhase section */

/* Begin PBXFileReference section */
		1D6BE0049101D975FB556AB5 /* Pods-CovidDeshBoardExtension.release.xcconfig */ = {isa = PBXFileReference; includeInIndex = 1; lastKnownFileType = text.xcconfig; name = "Pods-CovidDeshBoardExtension.release.xcconfig"; path = "Target Support Files/Pods-CovidDeshBoardExtension/Pods-CovidDeshBoardExtension.release.xcconfig"; sourceTree = "<group>"; };
		265BC1725A0D71D4D1A34DD4 /* Pods_CoNoTests.framework */ = {isa = PBXFileReference; explicitFileType = wrapper.framework; includeInIndex = 0; path = Pods_CoNoTests.framework; sourceTree = BUILT_PRODUCTS_DIR; };
		571DBD20274335CC00133FEE /* CovidDeshBoardExtension.appex */ = {isa = PBXFileReference; explicitFileType = "wrapper.app-extension"; includeInIndex = 0; path = CovidDeshBoardExtension.appex; sourceTree = BUILT_PRODUCTS_DIR; };
		571DBD24274335CD00133FEE /* CovidDeshBoard.swift */ = {isa = PBXFileReference; lastKnownFileType = sourcecode.swift; path = CovidDeshBoard.swift; sourceTree = "<group>"; };
		571DBD26274335CE00133FEE /* Assets.xcassets */ = {isa = PBXFileReference; lastKnownFileType = folder.assetcatalog; path = Assets.xcassets; sourceTree = "<group>"; };
		571DBD28274335CE00133FEE /* Info.plist */ = {isa = PBXFileReference; lastKnownFileType = text.plist.xml; path = Info.plist; sourceTree = "<group>"; };
		573962EF2743AB6900F53B3D /* RxCocoa.framework */ = {isa = PBXFileReference; explicitFileType = wrapper.framework; path = RxCocoa.framework; sourceTree = BUILT_PRODUCTS_DIR; };
		573962F22743AB7900F53B3D /* Alamofire.framework */ = {isa = PBXFileReference; explicitFileType = wrapper.framework; path = Alamofire.framework; sourceTree = BUILT_PRODUCTS_DIR; };
		57BC6D36273FFECF0023FB55 /* ABeeZee-Regular.ttf */ = {isa = PBXFileReference; lastKnownFileType = file; name = "ABeeZee-Regular.ttf"; path = "../../../../../Downloads/ABeeZee/ABeeZee-Regular.ttf"; sourceTree = "<group>"; };
		57D41F012740918C00298CA9 /* DeshBoardTableViewCell.swift */ = {isa = PBXFileReference; lastKnownFileType = sourcecode.swift; path = DeshBoardTableViewCell.swift; sourceTree = "<group>"; };
		57D4998E274134AE00A39237 /* UpdateDateLabelTableViewCell.swift */ = {isa = PBXFileReference; lastKnownFileType = sourcecode.swift; path = UpdateDateLabelTableViewCell.swift; sourceTree = "<group>"; };
		57D499902741494300A39237 /* NotoSansKR-Bold.otf */ = {isa = PBXFileReference; lastKnownFileType = file; name = "NotoSansKR-Bold.otf"; path = "../../../../../Downloads/NotoSansKR-Bold.otf"; sourceTree = "<group>"; };
		57D4999627414F3100A39237 /* MainModel.swift */ = {isa = PBXFileReference; lastKnownFileType = sourcecode.swift; path = MainModel.swift; sourceTree = "<group>"; };
		57D720C7273E2FC900D25391 /* WidgetKit.framework */ = {isa = PBXFileReference; lastKnownFileType = wrapper.framework; name = WidgetKit.framework; path = System/Library/Frameworks/WidgetKit.framework; sourceTree = SDKROOT; };
		57D720C9273E2FC900D25391 /* SwiftUI.framework */ = {isa = PBXFileReference; lastKnownFileType = wrapper.framework; name = SwiftUI.framework; path = System/Library/Frameworks/SwiftUI.framework; sourceTree = SDKROOT; };
		57D7ECAC273D21A5000FDE32 /* CoNo.app */ = {isa = PBXFileReference; explicitFileType = wrapper.application; includeInIndex = 0; path = CoNo.app; sourceTree = BUILT_PRODUCTS_DIR; };
		57D7ECAF273D21A5000FDE32 /* AppDelegate.swift */ = {isa = PBXFileReference; lastKnownFileType = sourcecode.swift; path = AppDelegate.swift; sourceTree = "<group>"; };
		57D7ECB1273D21A5000FDE32 /* SceneDelegate.swift */ = {isa = PBXFileReference; lastKnownFileType = sourcecode.swift; path = SceneDelegate.swift; sourceTree = "<group>"; };
		57D7ECB8273D21A7000FDE32 /* Assets.xcassets */ = {isa = PBXFileReference; lastKnownFileType = folder.assetcatalog; path = Assets.xcassets; sourceTree = "<group>"; };
		57D7ECBB273D21A7000FDE32 /* Base */ = {isa = PBXFileReference; lastKnownFileType = file.storyboard; name = Base; path = Base.lproj/LaunchScreen.storyboard; sourceTree = "<group>"; };
		57D7ECBD273D21A7000FDE32 /* Info.plist */ = {isa = PBXFileReference; lastKnownFileType = text.plist.xml; path = Info.plist; sourceTree = "<group>"; };
		57D7ECC2273D21A7000FDE32 /* CoNoTests.xctest */ = {isa = PBXFileReference; explicitFileType = wrapper.cfbundle; includeInIndex = 0; path = CoNoTests.xctest; sourceTree = BUILT_PRODUCTS_DIR; };
		57D7ECC6273D21A7000FDE32 /* CoNoTests.swift */ = {isa = PBXFileReference; lastKnownFileType = sourcecode.swift; path = CoNoTests.swift; sourceTree = "<group>"; };
		57D7ECCC273D21A7000FDE32 /* CoNoUITests.xctest */ = {isa = PBXFileReference; explicitFileType = wrapper.cfbundle; includeInIndex = 0; path = CoNoUITests.xctest; sourceTree = BUILT_PRODUCTS_DIR; };
		57D7ECD0273D21A7000FDE32 /* CoNoUITests.swift */ = {isa = PBXFileReference; lastKnownFileType = sourcecode.swift; path = CoNoUITests.swift; sourceTree = "<group>"; };
		57D7ECD2273D21A7000FDE32 /* CoNoUITestsLaunchTests.swift */ = {isa = PBXFileReference; lastKnownFileType = sourcecode.swift; path = CoNoUITestsLaunchTests.swift; sourceTree = "<group>"; };
		57D7ECDF273D2238000FDE32 /* MainViewController.swift */ = {isa = PBXFileReference; lastKnownFileType = sourcecode.swift; path = MainViewController.swift; sourceTree = "<group>"; };
		57D7ECE1273D2861000FDE32 /* DataResponse.swift */ = {isa = PBXFileReference; lastKnownFileType = sourcecode.swift; path = DataResponse.swift; sourceTree = "<group>"; };
		79F7C2E3A4243FAE00516799 /* Pods-CoNoTests.release.xcconfig */ = {isa = PBXFileReference; includeInIndex = 1; lastKnownFileType = text.xcconfig; name = "Pods-CoNoTests.release.xcconfig"; path = "Target Support Files/Pods-CoNoTests/Pods-CoNoTests.release.xcconfig"; sourceTree = "<group>"; };
		7B956ACBC5FD989B79AD7A79 /* Pods-CoNo-CoNoUITests.debug.xcconfig */ = {isa = PBXFileReference; includeInIndex = 1; lastKnownFileType = text.xcconfig; name = "Pods-CoNo-CoNoUITests.debug.xcconfig"; path = "Target Support Files/Pods-CoNo-CoNoUITests/Pods-CoNo-CoNoUITests.debug.xcconfig"; sourceTree = "<group>"; };
		8901973A6C4D6050267BA9B8 /* Pods-CoNo.debug.xcconfig */ = {isa = PBXFileReference; includeInIndex = 1; lastKnownFileType = text.xcconfig; name = "Pods-CoNo.debug.xcconfig"; path = "Target Support Files/Pods-CoNo/Pods-CoNo.debug.xcconfig"; sourceTree = "<group>"; };
		91B07887F4A0BF6A70D84372 /* Pods-CoNo.release.xcconfig */ = {isa = PBXFileReference; includeInIndex = 1; lastKnownFileType = text.xcconfig; name = "Pods-CoNo.release.xcconfig"; path = "Target Support Files/Pods-CoNo/Pods-CoNo.release.xcconfig"; sourceTree = "<group>"; };
		9723AB8036BA92E7255FDED5 /* Pods-CoNoTests.debug.xcconfig */ = {isa = PBXFileReference; includeInIndex = 1; lastKnownFileType = text.xcconfig; name = "Pods-CoNoTests.debug.xcconfig"; path = "Target Support Files/Pods-CoNoTests/Pods-CoNoTests.debug.xcconfig"; sourceTree = "<group>"; };
		AF79C82C0E474A69E35E1F29 /* Pods_CoNo_CoNoUITests.framework */ = {isa = PBXFileReference; explicitFileType = wrapper.framework; includeInIndex = 0; path = Pods_CoNo_CoNoUITests.framework; sourceTree = BUILT_PRODUCTS_DIR; };
		CB0EB536262A6370F4901DED /* Pods-CoNo-CoNoUITests.release.xcconfig */ = {isa = PBXFileReference; includeInIndex = 1; lastKnownFileType = text.xcconfig; name = "Pods-CoNo-CoNoUITests.release.xcconfig"; path = "Target Support Files/Pods-CoNo-CoNoUITests/Pods-CoNo-CoNoUITests.release.xcconfig"; sourceTree = "<group>"; };
		DCE3E5727B65B1D3451A37A8 /* Pods_CoNo.framework */ = {isa = PBXFileReference; explicitFileType = wrapper.framework; includeInIndex = 0; path = Pods_CoNo.framework; sourceTree = BUILT_PRODUCTS_DIR; };
		F20B983DEC7C912D2621E26A /* Pods-CovidDeshBoardExtension.debug.xcconfig */ = {isa = PBXFileReference; includeInIndex = 1; lastKnownFileType = text.xcconfig; name = "Pods-CovidDeshBoardExtension.debug.xcconfig"; path = "Target Support Files/Pods-CovidDeshBoardExtension/Pods-CovidDeshBoardExtension.debug.xcconfig"; sourceTree = "<group>"; };
		F431ECC6B6F0C8D7344FB03F /* Pods_CovidDeshBoardExtension.framework */ = {isa = PBXFileReference; explicitFileType = wrapper.framework; includeInIndex = 0; path = Pods_CovidDeshBoardExtension.framework; sourceTree = BUILT_PRODUCTS_DIR; };
/* End PBXFileReference section */

/* Begin PBXFrameworksBuildPhase section */
		571DBD1D274335CC00133FEE /* Frameworks */ = {
			isa = PBXFrameworksBuildPhase;
			buildActionMask = 2147483647;
			files = (
				571DBD22274335CD00133FEE /* SwiftUI.framework in Frameworks */,
				571DBD21274335CC00133FEE /* WidgetKit.framework in Frameworks */,
				387464B470CC1DC3BBDBD5BB /* Pods_CovidDeshBoardExtension.framework in Frameworks */,
			);
			runOnlyForDeploymentPostprocessing = 0;
		};
		57D7ECA9273D21A5000FDE32 /* Frameworks */ = {
			isa = PBXFrameworksBuildPhase;
			buildActionMask = 2147483647;
			files = (
				FF4E37DCAC6E6FDB43F74D35 /* Pods_CoNo.framework in Frameworks */,
			);
			runOnlyForDeploymentPostprocessing = 0;
		};
		57D7ECBF273D21A7000FDE32 /* Frameworks */ = {
			isa = PBXFrameworksBuildPhase;
			buildActionMask = 2147483647;
			files = (
				7D77AAB2CA83F8D226E3D6EB /* Pods_CoNoTests.framework in Frameworks */,
			);
			runOnlyForDeploymentPostprocessing = 0;
		};
		57D7ECC9273D21A7000FDE32 /* Frameworks */ = {
			isa = PBXFrameworksBuildPhase;
			buildActionMask = 2147483647;
			files = (
				461A0E727675ED47C3EB9E50 /* Pods_CoNo_CoNoUITests.framework in Frameworks */,
			);
			runOnlyForDeploymentPostprocessing = 0;
		};
/* End PBXFrameworksBuildPhase section */

/* Begin PBXGroup section */
		571DBD23274335CD00133FEE /* CovidDeshBoard */ = {
			isa = PBXGroup;
			children = (
				571DBD24274335CD00133FEE /* CovidDeshBoard.swift */,
				571DBD26274335CE00133FEE /* Assets.xcassets */,
				571DBD28274335CE00133FEE /* Info.plist */,
			);
			path = CovidDeshBoard;
			sourceTree = "<group>";
		};
		57BC6D35273FFEB40023FB55 /* Assets */ = {
			isa = PBXGroup;
			children = (
				57D7ECB8273D21A7000FDE32 /* Assets.xcassets */,
				57D499902741494300A39237 /* NotoSansKR-Bold.otf */,
				57BC6D36273FFECF0023FB55 /* ABeeZee-Regular.ttf */,
			);
			path = Assets;
			sourceTree = "<group>";
		};
		57D4999527414ECA00A39237 /* View */ = {
			isa = PBXGroup;
			children = (
				57D7ECBA273D21A7000FDE32 /* LaunchScreen.storyboard */,
				57D4998E274134AE00A39237 /* UpdateDateLabelTableViewCell.swift */,
				57D41F012740918C00298CA9 /* DeshBoardTableViewCell.swift */,
				57D7ECDF273D2238000FDE32 /* MainViewController.swift */,
			);
			path = View;
			sourceTree = "<group>";
		};
		57D7ECA3273D21A5000FDE32 = {
			isa = PBXGroup;
			children = (
				57D7ECAE273D21A5000FDE32 /* CoNo */,
				57D7ECC5273D21A7000FDE32 /* CoNoTests */,
				57D7ECCF273D21A7000FDE32 /* CoNoUITests */,
				571DBD23274335CD00133FEE /* CovidDeshBoard */,
				57D7ECAD273D21A5000FDE32 /* Products */,
				E7E01E9B718CB0CCDC2805CE /* Pods */,
				A2B15F7546D1B767F2A15060 /* Frameworks */,
			);
			sourceTree = "<group>";
		};
		57D7ECAD273D21A5000FDE32 /* Products */ = {
			isa = PBXGroup;
			children = (
				57D7ECAC273D21A5000FDE32 /* CoNo.app */,
				57D7ECC2273D21A7000FDE32 /* CoNoTests.xctest */,
				57D7ECCC273D21A7000FDE32 /* CoNoUITests.xctest */,
				571DBD20274335CC00133FEE /* CovidDeshBoardExtension.appex */,
			);
			name = Products;
			sourceTree = "<group>";
		};
		57D7ECAE273D21A5000FDE32 /* CoNo */ = {
			isa = PBXGroup;
			children = (
				57D4999527414ECA00A39237 /* View */,
				57BC6D35273FFEB40023FB55 /* Assets */,
				57D7ECE1273D2861000FDE32 /* DataResponse.swift */,
				57D4999627414F3100A39237 /* MainModel.swift */,
				57D7ECAF273D21A5000FDE32 /* AppDelegate.swift */,
				57D7ECB1273D21A5000FDE32 /* SceneDelegate.swift */,
				57D7ECBD273D21A7000FDE32 /* Info.plist */,
			);
			path = CoNo;
			sourceTree = "<group>";
		};
		57D7ECC5273D21A7000FDE32 /* CoNoTests */ = {
			isa = PBXGroup;
			children = (
				57D7ECC6273D21A7000FDE32 /* CoNoTests.swift */,
			);
			path = CoNoTests;
			sourceTree = "<group>";
		};
		57D7ECCF273D21A7000FDE32 /* CoNoUITests */ = {
			isa = PBXGroup;
			children = (
				57D7ECD0273D21A7000FDE32 /* CoNoUITests.swift */,
				57D7ECD2273D21A7000FDE32 /* CoNoUITestsLaunchTests.swift */,
			);
			path = CoNoUITests;
			sourceTree = "<group>";
		};
		A2B15F7546D1B767F2A15060 /* Frameworks */ = {
			isa = PBXGroup;
			children = (
				573962F22743AB7900F53B3D /* Alamofire.framework */,
				573962EF2743AB6900F53B3D /* RxCocoa.framework */,
				57D720C7273E2FC900D25391 /* WidgetKit.framework */,
				57D720C9273E2FC900D25391 /* SwiftUI.framework */,
				DCE3E5727B65B1D3451A37A8 /* Pods_CoNo.framework */,
				AF79C82C0E474A69E35E1F29 /* Pods_CoNo_CoNoUITests.framework */,
				265BC1725A0D71D4D1A34DD4 /* Pods_CoNoTests.framework */,
				F431ECC6B6F0C8D7344FB03F /* Pods_CovidDeshBoardExtension.framework */,
			);
			name = Frameworks;
			sourceTree = "<group>";
		};
		E7E01E9B718CB0CCDC2805CE /* Pods */ = {
			isa = PBXGroup;
			children = (
				8901973A6C4D6050267BA9B8 /* Pods-CoNo.debug.xcconfig */,
				91B07887F4A0BF6A70D84372 /* Pods-CoNo.release.xcconfig */,
				7B956ACBC5FD989B79AD7A79 /* Pods-CoNo-CoNoUITests.debug.xcconfig */,
				CB0EB536262A6370F4901DED /* Pods-CoNo-CoNoUITests.release.xcconfig */,
				9723AB8036BA92E7255FDED5 /* Pods-CoNoTests.debug.xcconfig */,
				79F7C2E3A4243FAE00516799 /* Pods-CoNoTests.release.xcconfig */,
				F20B983DEC7C912D2621E26A /* Pods-CovidDeshBoardExtension.debug.xcconfig */,
				1D6BE0049101D975FB556AB5 /* Pods-CovidDeshBoardExtension.release.xcconfig */,
			);
			path = Pods;
			sourceTree = "<group>";
		};
/* End PBXGroup section */

/* Begin PBXNativeTarget section */
		571DBD1F274335CC00133FEE /* CovidDeshBoardExtension */ = {
			isa = PBXNativeTarget;
			buildConfigurationList = 571DBD2E274335CE00133FEE /* Build configuration list for PBXNativeTarget "CovidDeshBoardExtension" */;
			buildPhases = (
				6231C92B283C7DE98AB9A28F /* [CP] Check Pods Manifest.lock */,
				571DBD1C274335CC00133FEE /* Sources */,
				571DBD1D274335CC00133FEE /* Frameworks */,
				571DBD1E274335CC00133FEE /* Resources */,
				573962F72743ABB000F53B3D /* Embed Frameworks */,
			);
			buildRules = (
			);
			dependencies = (
			);
			name = CovidDeshBoardExtension;
			productName = CovidDeshBoardExtension;
			productReference = 571DBD20274335CC00133FEE /* CovidDeshBoardExtension.appex */;
			productType = "com.apple.product-type.app-extension";
		};
		57D7ECAB273D21A5000FDE32 /* CoNo */ = {
			isa = PBXNativeTarget;
			buildConfigurationList = 57D7ECD6273D21A8000FDE32 /* Build configuration list for PBXNativeTarget "CoNo" */;
			buildPhases = (
				77E0A77E80DB7ED94D0E6EF7 /* [CP] Check Pods Manifest.lock */,
				57D7ECA8273D21A5000FDE32 /* Sources */,
				57D7ECA9273D21A5000FDE32 /* Frameworks */,
				57D7ECAA273D21A5000FDE32 /* Resources */,
				57D720D7273E2FCB00D25391 /* Embed App Extensions */,
				845D3629F9109F778BDD8959 /* [CP] Embed Pods Frameworks */,
			);
			buildRules = (
			);
			dependencies = (
				571DBD2A274335CE00133FEE /* PBXTargetDependency */,
			);
			name = CoNo;
			productName = CoNo;
			productReference = 57D7ECAC273D21A5000FDE32 /* CoNo.app */;
			productType = "com.apple.product-type.application";
		};
		57D7ECC1273D21A7000FDE32 /* CoNoTests */ = {
			isa = PBXNativeTarget;
			buildConfigurationList = 57D7ECD9273D21A8000FDE32 /* Build configuration list for PBXNativeTarget "CoNoTests" */;
			buildPhases = (
				8B2FDECF259F76A46D438892 /* [CP] Check Pods Manifest.lock */,
				57D7ECBE273D21A7000FDE32 /* Sources */,
				57D7ECBF273D21A7000FDE32 /* Frameworks */,
				57D7ECC0273D21A7000FDE32 /* Resources */,
			);
			buildRules = (
			);
			dependencies = (
				57D7ECC4273D21A7000FDE32 /* PBXTargetDependency */,
			);
			name = CoNoTests;
			productName = CoNoTests;
			productReference = 57D7ECC2273D21A7000FDE32 /* CoNoTests.xctest */;
			productType = "com.apple.product-type.bundle.unit-test";
		};
		57D7ECCB273D21A7000FDE32 /* CoNoUITests */ = {
			isa = PBXNativeTarget;
			buildConfigurationList = 57D7ECDC273D21A8000FDE32 /* Build configuration list for PBXNativeTarget "CoNoUITests" */;
			buildPhases = (
				ED6334F8CBCC8800187E1BCE /* [CP] Check Pods Manifest.lock */,
				57D7ECC8273D21A7000FDE32 /* Sources */,
				57D7ECC9273D21A7000FDE32 /* Frameworks */,
				57D7ECCA273D21A7000FDE32 /* Resources */,
				BE4BA6D04FA8DFB601E4BE54 /* [CP] Embed Pods Frameworks */,
			);
			buildRules = (
			);
			dependencies = (
				57D7ECCE273D21A7000FDE32 /* PBXTargetDependency */,
			);
			name = CoNoUITests;
			productName = CoNoUITests;
			productReference = 57D7ECCC273D21A7000FDE32 /* CoNoUITests.xctest */;
			productType = "com.apple.product-type.bundle.ui-testing";
		};
/* End PBXNativeTarget section */

/* Begin PBXProject section */
		57D7ECA4273D21A5000FDE32 /* Project object */ = {
			isa = PBXProject;
			attributes = {
				BuildIndependentTargetsInParallel = 1;
				LastSwiftUpdateCheck = 1310;
				LastUpgradeCheck = 1310;
				TargetAttributes = {
					571DBD1F274335CC00133FEE = {
						CreatedOnToolsVersion = 13.1;
					};
					57D7ECAB273D21A5000FDE32 = {
						CreatedOnToolsVersion = 13.1;
					};
					57D7ECC1273D21A7000FDE32 = {
						CreatedOnToolsVersion = 13.1;
						TestTargetID = 57D7ECAB273D21A5000FDE32;
					};
					57D7ECCB273D21A7000FDE32 = {
						CreatedOnToolsVersion = 13.1;
						TestTargetID = 57D7ECAB273D21A5000FDE32;
					};
				};
			};
			buildConfigurationList = 57D7ECA7273D21A5000FDE32 /* Build configuration list for PBXProject "CoNo" */;
			compatibilityVersion = "Xcode 12.0";
			developmentRegion = en;
			hasScannedForEncodings = 0;
			knownRegions = (
				en,
				Base,
			);
			mainGroup = 57D7ECA3273D21A5000FDE32;
			productRefGroup = 57D7ECAD273D21A5000FDE32 /* Products */;
			projectDirPath = "";
			projectRoot = "";
			targets = (
				57D7ECAB273D21A5000FDE32 /* CoNo */,
				57D7ECC1273D21A7000FDE32 /* CoNoTests */,
				57D7ECCB273D21A7000FDE32 /* CoNoUITests */,
				571DBD1F274335CC00133FEE /* CovidDeshBoardExtension */,
			);
		};
/* End PBXProject section */

/* Begin PBXResourcesBuildPhase section */
		571DBD1E274335CC00133FEE /* Resources */ = {
			isa = PBXResourcesBuildPhase;
			buildActionMask = 2147483647;
			files = (
				571DBD27274335CE00133FEE /* Assets.xcassets in Resources */,
			);
			runOnlyForDeploymentPostprocessing = 0;
		};
		57D7ECAA273D21A5000FDE32 /* Resources */ = {
			isa = PBXResourcesBuildPhase;
			buildActionMask = 2147483647;
			files = (
				57BC6D37273FFECF0023FB55 /* ABeeZee-Regular.ttf in Resources */,
				57D7ECBC273D21A7000FDE32 /* LaunchScreen.storyboard in Resources */,
				57D499912741494300A39237 /* NotoSansKR-Bold.otf in Resources */,
				57D7ECB9273D21A7000FDE32 /* Assets.xcassets in Resources */,
			);
			runOnlyForDeploymentPostprocessing = 0;
		};
		57D7ECC0273D21A7000FDE32 /* Resources */ = {
			isa = PBXResourcesBuildPhase;
			buildActionMask = 2147483647;
			files = (
				57D499922741494300A39237 /* NotoSansKR-Bold.otf in Resources */,
			);
			runOnlyForDeploymentPostprocessing = 0;
		};
		57D7ECCA273D21A7000FDE32 /* Resources */ = {
			isa = PBXResourcesBuildPhase;
			buildActionMask = 2147483647;
			files = (
				57D499932741494300A39237 /* NotoSansKR-Bold.otf in Resources */,
			);
			runOnlyForDeploymentPostprocessing = 0;
		};
/* End PBXResourcesBuildPhase section */

/* Begin PBXShellScriptBuildPhase section */
		6231C92B283C7DE98AB9A28F /* [CP] Check Pods Manifest.lock */ = {
			isa = PBXShellScriptBuildPhase;
			buildActionMask = 2147483647;
			files = (
			);
			inputFileListPaths = (
			);
			inputPaths = (
				"${PODS_PODFILE_DIR_PATH}/Podfile.lock",
				"${PODS_ROOT}/Manifest.lock",
			);
			name = "[CP] Check Pods Manifest.lock";
			outputFileListPaths = (
			);
			outputPaths = (
				"$(DERIVED_FILE_DIR)/Pods-CovidDeshBoardExtension-checkManifestLockResult.txt",
			);
			runOnlyForDeploymentPostprocessing = 0;
			shellPath = /bin/sh;
			shellScript = "diff \"${PODS_PODFILE_DIR_PATH}/Podfile.lock\" \"${PODS_ROOT}/Manifest.lock\" > /dev/null\nif [ $? != 0 ] ; then\n    # print error to STDERR\n    echo \"error: The sandbox is not in sync with the Podfile.lock. Run 'pod install' or update your CocoaPods installation.\" >&2\n    exit 1\nfi\n# This output is used by Xcode 'outputs' to avoid re-running this script phase.\necho \"SUCCESS\" > \"${SCRIPT_OUTPUT_FILE_0}\"\n";
			showEnvVarsInLog = 0;
		};
		77E0A77E80DB7ED94D0E6EF7 /* [CP] Check Pods Manifest.lock */ = {
			isa = PBXShellScriptBuildPhase;
			buildActionMask = 2147483647;
			files = (
			);
			inputFileListPaths = (
			);
			inputPaths = (
				"${PODS_PODFILE_DIR_PATH}/Podfile.lock",
				"${PODS_ROOT}/Manifest.lock",
			);
			name = "[CP] Check Pods Manifest.lock";
			outputFileListPaths = (
			);
			outputPaths = (
				"$(DERIVED_FILE_DIR)/Pods-CoNo-checkManifestLockResult.txt",
			);
			runOnlyForDeploymentPostprocessing = 0;
			shellPath = /bin/sh;
			shellScript = "diff \"${PODS_PODFILE_DIR_PATH}/Podfile.lock\" \"${PODS_ROOT}/Manifest.lock\" > /dev/null\nif [ $? != 0 ] ; then\n    # print error to STDERR\n    echo \"error: The sandbox is not in sync with the Podfile.lock. Run 'pod install' or update your CocoaPods installation.\" >&2\n    exit 1\nfi\n# This output is used by Xcode 'outputs' to avoid re-running this script phase.\necho \"SUCCESS\" > \"${SCRIPT_OUTPUT_FILE_0}\"\n";
			showEnvVarsInLog = 0;
		};
		845D3629F9109F778BDD8959 /* [CP] Embed Pods Frameworks */ = {
			isa = PBXShellScriptBuildPhase;
			buildActionMask = 2147483647;
			files = (
			);
			inputFileListPaths = (
				"${PODS_ROOT}/Target Support Files/Pods-CoNo/Pods-CoNo-frameworks-${CONFIGURATION}-input-files.xcfilelist",
			);
			name = "[CP] Embed Pods Frameworks";
			outputFileListPaths = (
				"${PODS_ROOT}/Target Support Files/Pods-CoNo/Pods-CoNo-frameworks-${CONFIGURATION}-output-files.xcfilelist",
			);
			runOnlyForDeploymentPostprocessing = 0;
			shellPath = /bin/sh;
			shellScript = "\"${PODS_ROOT}/Target Support Files/Pods-CoNo/Pods-CoNo-frameworks.sh\"\n";
			showEnvVarsInLog = 0;
		};
		8B2FDECF259F76A46D438892 /* [CP] Check Pods Manifest.lock */ = {
			isa = PBXShellScriptBuildPhase;
			buildActionMask = 2147483647;
			files = (
			);
			inputFileListPaths = (
			);
			inputPaths = (
				"${PODS_PODFILE_DIR_PATH}/Podfile.lock",
				"${PODS_ROOT}/Manifest.lock",
			);
			name = "[CP] Check Pods Manifest.lock";
			outputFileListPaths = (
			);
			outputPaths = (
				"$(DERIVED_FILE_DIR)/Pods-CoNoTests-checkManifestLockResult.txt",
			);
			runOnlyForDeploymentPostprocessing = 0;
			shellPath = /bin/sh;
			shellScript = "diff \"${PODS_PODFILE_DIR_PATH}/Podfile.lock\" \"${PODS_ROOT}/Manifest.lock\" > /dev/null\nif [ $? != 0 ] ; then\n    # print error to STDERR\n    echo \"error: The sandbox is not in sync with the Podfile.lock. Run 'pod install' or update your CocoaPods installation.\" >&2\n    exit 1\nfi\n# This output is used by Xcode 'outputs' to avoid re-running this script phase.\necho \"SUCCESS\" > \"${SCRIPT_OUTPUT_FILE_0}\"\n";
			showEnvVarsInLog = 0;
		};
		BE4BA6D04FA8DFB601E4BE54 /* [CP] Embed Pods Frameworks */ = {
			isa = PBXShellScriptBuildPhase;
			buildActionMask = 2147483647;
			files = (
			);
			inputFileListPaths = (
				"${PODS_ROOT}/Target Support Files/Pods-CoNo-CoNoUITests/Pods-CoNo-CoNoUITests-frameworks-${CONFIGURATION}-input-files.xcfilelist",
			);
			name = "[CP] Embed Pods Frameworks";
			outputFileListPaths = (
				"${PODS_ROOT}/Target Support Files/Pods-CoNo-CoNoUITests/Pods-CoNo-CoNoUITests-frameworks-${CONFIGURATION}-output-files.xcfilelist",
			);
			runOnlyForDeploymentPostprocessing = 0;
			shellPath = /bin/sh;
			shellScript = "\"${PODS_ROOT}/Target Support Files/Pods-CoNo-CoNoUITests/Pods-CoNo-CoNoUITests-frameworks.sh\"\n";
			showEnvVarsInLog = 0;
		};
		ED6334F8CBCC8800187E1BCE /* [CP] Check Pods Manifest.lock */ = {
			isa = PBXShellScriptBuildPhase;
			buildActionMask = 2147483647;
			files = (
			);
			inputFileListPaths = (
			);
			inputPaths = (
				"${PODS_PODFILE_DIR_PATH}/Podfile.lock",
				"${PODS_ROOT}/Manifest.lock",
			);
			name = "[CP] Check Pods Manifest.lock";
			outputFileListPaths = (
			);
			outputPaths = (
				"$(DERIVED_FILE_DIR)/Pods-CoNo-CoNoUITests-checkManifestLockResult.txt",
			);
			runOnlyForDeploymentPostprocessing = 0;
			shellPath = /bin/sh;
			shellScript = "diff \"${PODS_PODFILE_DIR_PATH}/Podfile.lock\" \"${PODS_ROOT}/Manifest.lock\" > /dev/null\nif [ $? != 0 ] ; then\n    # print error to STDERR\n    echo \"error: The sandbox is not in sync with the Podfile.lock. Run 'pod install' or update your CocoaPods installation.\" >&2\n    exit 1\nfi\n# This output is used by Xcode 'outputs' to avoid re-running this script phase.\necho \"SUCCESS\" > \"${SCRIPT_OUTPUT_FILE_0}\"\n";
			showEnvVarsInLog = 0;
		};
/* End PBXShellScriptBuildPhase section */

/* Begin PBXSourcesBuildPhase section */
		571DBD1C274335CC00133FEE /* Sources */ = {
			isa = PBXSourcesBuildPhase;
			buildActionMask = 2147483647;
			files = (
				571DBD25274335CD00133FEE /* CovidDeshBoard.swift in Sources */,
				5705F6BC2743B2A400CAB9D6 /* DataResponse.swift in Sources */,
				5784D3AE2743A9080066A5DB /* MainModel.swift in Sources */,
			);
			runOnlyForDeploymentPostprocessing = 0;
		};
		57D7ECA8273D21A5000FDE32 /* Sources */ = {
			isa = PBXSourcesBuildPhase;
			buildActionMask = 2147483647;
			files = (
				57D4999727414F3100A39237 /* MainModel.swift in Sources */,
				57D7ECE0273D2238000FDE32 /* MainViewController.swift in Sources */,
				57D7ECB0273D21A5000FDE32 /* AppDelegate.swift in Sources */,
				57D7ECE2273D2861000FDE32 /* DataResponse.swift in Sources */,
				57D7ECB2273D21A5000FDE32 /* SceneDelegate.swift in Sources */,
				57D4998F274134AE00A39237 /* UpdateDateLabelTableViewCell.swift in Sources */,
				57D41F022740918C00298CA9 /* DeshBoardTableViewCell.swift in Sources */,
			);
			runOnlyForDeploymentPostprocessing = 0;
		};
		57D7ECBE273D21A7000FDE32 /* Sources */ = {
			isa = PBXSourcesBuildPhase;
			buildActionMask = 2147483647;
			files = (
				57D4999827414F3100A39237 /* MainModel.swift in Sources */,
				570B978E2743A80100038C65 /* DataResponse.swift in Sources */,
				57D7ECC7273D21A7000FDE32 /* CoNoTests.swift in Sources */,
			);
			runOnlyForDeploymentPostprocessing = 0;
		};
		57D7ECC8273D21A7000FDE32 /* Sources */ = {
			isa = PBXSourcesBuildPhase;
			buildActionMask = 2147483647;
			files = (
				57D7ECD1273D21A7000FDE32 /* CoNoUITests.swift in Sources */,
				57D7ECD3273D21A7000FDE32 /* CoNoUITestsLaunchTests.swift in Sources */,
				570B978F2743A80100038C65 /* DataResponse.swift in Sources */,
				57D4999927414F3100A39237 /* MainModel.swift in Sources */,
			);
			runOnlyForDeploymentPostprocessing = 0;
		};
/* End PBXSourcesBuildPhase section */

/* Begin PBXTargetDependency section */
		571DBD2A274335CE00133FEE /* PBXTargetDependency */ = {
			isa = PBXTargetDependency;
			target = 571DBD1F274335CC00133FEE /* CovidDeshBoardExtension */;
			targetProxy = 571DBD29274335CE00133FEE /* PBXContainerItemProxy */;
		};
		57D7ECC4273D21A7000FDE32 /* PBXTargetDependency */ = {
			isa = PBXTargetDependency;
			target = 57D7ECAB273D21A5000FDE32 /* CoNo */;
			targetProxy = 57D7ECC3273D21A7000FDE32 /* PBXContainerItemProxy */;
		};
		57D7ECCE273D21A7000FDE32 /* PBXTargetDependency */ = {
			isa = PBXTargetDependency;
			target = 57D7ECAB273D21A5000FDE32 /* CoNo */;
			targetProxy = 57D7ECCD273D21A7000FDE32 /* PBXContainerItemProxy */;
		};
/* End PBXTargetDependency section */

/* Begin PBXVariantGroup section */
		57D7ECBA273D21A7000FDE32 /* LaunchScreen.storyboard */ = {
			isa = PBXVariantGroup;
			children = (
				57D7ECBB273D21A7000FDE32 /* Base */,
			);
			name = LaunchScreen.storyboard;
			sourceTree = "<group>";
		};
/* End PBXVariantGroup section */

/* Begin XCBuildConfiguration section */
		571DBD2C274335CE00133FEE /* Debug */ = {
			isa = XCBuildConfiguration;
			baseConfigurationReference = F20B983DEC7C912D2621E26A /* Pods-CovidDeshBoardExtension.debug.xcconfig */;
			buildSettings = {
				ASSETCATALOG_COMPILER_GLOBAL_ACCENT_COLOR_NAME = AccentColor;
				ASSETCATALOG_COMPILER_WIDGET_BACKGROUND_COLOR_NAME = WidgetBackground;
				CODE_SIGN_STYLE = Automatic;
				CURRENT_PROJECT_VERSION = 1;
				DEVELOPMENT_TEAM = Z25H7B85Z8;
				GENERATE_INFOPLIST_FILE = YES;
				INFOPLIST_FILE = CovidDeshBoard/Info.plist;
				INFOPLIST_KEY_CFBundleDisplayName = CovidDeshBoard;
				INFOPLIST_KEY_NSHumanReadableCopyright = "";
				LD_RUNPATH_SEARCH_PATHS = (
					"$(inherited)",
					"@executable_path/Frameworks",
					"@executable_path/../../Frameworks",
				);
				MARKETING_VERSION = 1.0;
				PRODUCT_BUNDLE_IDENTIFIER = com.rich.CoNo.CovidDeshBoard;
				PRODUCT_NAME = "$(TARGET_NAME)";
				SKIP_INSTALL = YES;
				SWIFT_EMIT_LOC_STRINGS = YES;
				SWIFT_VERSION = 5.0;
				TARGETED_DEVICE_FAMILY = 1;
			};
			name = Debug;
		};
		571DBD2D274335CE00133FEE /* Release */ = {
			isa = XCBuildConfiguration;
			baseConfigurationReference = 1D6BE0049101D975FB556AB5 /* Pods-CovidDeshBoardExtension.release.xcconfig */;
			buildSettings = {
				ASSETCATALOG_COMPILER_GLOBAL_ACCENT_COLOR_NAME = AccentColor;
				ASSETCATALOG_COMPILER_WIDGET_BACKGROUND_COLOR_NAME = WidgetBackground;
				CODE_SIGN_STYLE = Automatic;
				CURRENT_PROJECT_VERSION = 1;
				DEVELOPMENT_TEAM = 368YFJ26SB;
				GENERATE_INFOPLIST_FILE = YES;
				INFOPLIST_FILE = CovidDeshBoard/Info.plist;
				INFOPLIST_KEY_CFBundleDisplayName = CovidDeshBoard;
				INFOPLIST_KEY_NSHumanReadableCopyright = "";
				LD_RUNPATH_SEARCH_PATHS = (
					"$(inherited)",
					"@executable_path/Frameworks",
					"@executable_path/../../Frameworks",
				);
				MARKETING_VERSION = 1.0;
				PRODUCT_BUNDLE_IDENTIFIER = com.rich.CoNo.CovidDeshBoard;
				PRODUCT_NAME = "$(TARGET_NAME)";
				SKIP_INSTALL = YES;
				SWIFT_EMIT_LOC_STRINGS = YES;
				SWIFT_VERSION = 5.0;
				TARGETED_DEVICE_FAMILY = 1;
			};
			name = Release;
		};
		57D7ECD4273D21A8000FDE32 /* Debug */ = {
			isa = XCBuildConfiguration;
			buildSettings = {
				ALWAYS_SEARCH_USER_PATHS = NO;
				CLANG_ANALYZER_NONNULL = YES;
				CLANG_ANALYZER_NUMBER_OBJECT_CONVERSION = YES_AGGRESSIVE;
				CLANG_CXX_LANGUAGE_STANDARD = "gnu++17";
				CLANG_CXX_LIBRARY = "libc++";
				CLANG_ENABLE_MODULES = YES;
				CLANG_ENABLE_OBJC_ARC = YES;
				CLANG_ENABLE_OBJC_WEAK = YES;
				CLANG_WARN_BLOCK_CAPTURE_AUTORELEASING = YES;
				CLANG_WARN_BOOL_CONVERSION = YES;
				CLANG_WARN_COMMA = YES;
				CLANG_WARN_CONSTANT_CONVERSION = YES;
				CLANG_WARN_DEPRECATED_OBJC_IMPLEMENTATIONS = YES;
				CLANG_WARN_DIRECT_OBJC_ISA_USAGE = YES_ERROR;
				CLANG_WARN_DOCUMENTATION_COMMENTS = YES;
				CLANG_WARN_EMPTY_BODY = YES;
				CLANG_WARN_ENUM_CONVERSION = YES;
				CLANG_WARN_INFINITE_RECURSION = YES;
				CLANG_WARN_INT_CONVERSION = YES;
				CLANG_WARN_NON_LITERAL_NULL_CONVERSION = YES;
				CLANG_WARN_OBJC_IMPLICIT_RETAIN_SELF = YES;
				CLANG_WARN_OBJC_LITERAL_CONVERSION = YES;
				CLANG_WARN_OBJC_ROOT_CLASS = YES_ERROR;
				CLANG_WARN_QUOTED_INCLUDE_IN_FRAMEWORK_HEADER = YES;
				CLANG_WARN_RANGE_LOOP_ANALYSIS = YES;
				CLANG_WARN_STRICT_PROTOTYPES = YES;
				CLANG_WARN_SUSPICIOUS_MOVE = YES;
				CLANG_WARN_UNGUARDED_AVAILABILITY = YES_AGGRESSIVE;
				CLANG_WARN_UNREACHABLE_CODE = YES;
				CLANG_WARN__DUPLICATE_METHOD_MATCH = YES;
				COPY_PHASE_STRIP = NO;
				DEBUG_INFORMATION_FORMAT = dwarf;
				ENABLE_STRICT_OBJC_MSGSEND = YES;
				ENABLE_TESTABILITY = YES;
				GCC_C_LANGUAGE_STANDARD = gnu11;
				GCC_DYNAMIC_NO_PIC = NO;
				GCC_NO_COMMON_BLOCKS = YES;
				GCC_OPTIMIZATION_LEVEL = 0;
				GCC_PREPROCESSOR_DEFINITIONS = (
					"DEBUG=1",
					"$(inherited)",
				);
				GCC_WARN_64_TO_32_BIT_CONVERSION = YES;
				GCC_WARN_ABOUT_RETURN_TYPE = YES_ERROR;
				GCC_WARN_UNDECLARED_SELECTOR = YES;
				GCC_WARN_UNINITIALIZED_AUTOS = YES_AGGRESSIVE;
				GCC_WARN_UNUSED_FUNCTION = YES;
				GCC_WARN_UNUSED_VARIABLE = YES;
				IPHONEOS_DEPLOYMENT_TARGET = 15.0;
				MTL_ENABLE_DEBUG_INFO = INCLUDE_SOURCE;
				MTL_FAST_MATH = YES;
				ONLY_ACTIVE_ARCH = YES;
				SDKROOT = iphoneos;
				SWIFT_ACTIVE_COMPILATION_CONDITIONS = DEBUG;
				SWIFT_OPTIMIZATION_LEVEL = "-Onone";
			};
			name = Debug;
		};
		57D7ECD5273D21A8000FDE32 /* Release */ = {
			isa = XCBuildConfiguration;
			buildSettings = {
				ALWAYS_SEARCH_USER_PATHS = NO;
				CLANG_ANALYZER_NONNULL = YES;
				CLANG_ANALYZER_NUMBER_OBJECT_CONVERSION = YES_AGGRESSIVE;
				CLANG_CXX_LANGUAGE_STANDARD = "gnu++17";
				CLANG_CXX_LIBRARY = "libc++";
				CLANG_ENABLE_MODULES = YES;
				CLANG_ENABLE_OBJC_ARC = YES;
				CLANG_ENABLE_OBJC_WEAK = YES;
				CLANG_WARN_BLOCK_CAPTURE_AUTORELEASING = YES;
				CLANG_WARN_BOOL_CONVERSION = YES;
				CLANG_WARN_COMMA = YES;
				CLANG_WARN_CONSTANT_CONVERSION = YES;
				CLANG_WARN_DEPRECATED_OBJC_IMPLEMENTATIONS = YES;
				CLANG_WARN_DIRECT_OBJC_ISA_USAGE = YES_ERROR;
				CLANG_WARN_DOCUMENTATION_COMMENTS = YES;
				CLANG_WARN_EMPTY_BODY = YES;
				CLANG_WARN_ENUM_CONVERSION = YES;
				CLANG_WARN_INFINITE_RECURSION = YES;
				CLANG_WARN_INT_CONVERSION = YES;
				CLANG_WARN_NON_LITERAL_NULL_CONVERSION = YES;
				CLANG_WARN_OBJC_IMPLICIT_RETAIN_SELF = YES;
				CLANG_WARN_OBJC_LITERAL_CONVERSION = YES;
				CLANG_WARN_OBJC_ROOT_CLASS = YES_ERROR;
				CLANG_WARN_QUOTED_INCLUDE_IN_FRAMEWORK_HEADER = YES;
				CLANG_WARN_RANGE_LOOP_ANALYSIS = YES;
				CLANG_WARN_STRICT_PROTOTYPES = YES;
				CLANG_WARN_SUSPICIOUS_MOVE = YES;
				CLANG_WARN_UNGUARDED_AVAILABILITY = YES_AGGRESSIVE;
				CLANG_WARN_UNREACHABLE_CODE = YES;
				CLANG_WARN__DUPLICATE_METHOD_MATCH = YES;
				COPY_PHASE_STRIP = NO;
				DEBUG_INFORMATION_FORMAT = "dwarf-with-dsym";
				ENABLE_NS_ASSERTIONS = NO;
				ENABLE_STRICT_OBJC_MSGSEND = YES;
				GCC_C_LANGUAGE_STANDARD = gnu11;
				GCC_NO_COMMON_BLOCKS = YES;
				GCC_WARN_64_TO_32_BIT_CONVERSION = YES;
				GCC_WARN_ABOUT_RETURN_TYPE = YES_ERROR;
				GCC_WARN_UNDECLARED_SELECTOR = YES;
				GCC_WARN_UNINITIALIZED_AUTOS = YES_AGGRESSIVE;
				GCC_WARN_UNUSED_FUNCTION = YES;
				GCC_WARN_UNUSED_VARIABLE = YES;
				IPHONEOS_DEPLOYMENT_TARGET = 15.0;
				MTL_ENABLE_DEBUG_INFO = NO;
				MTL_FAST_MATH = YES;
				SDKROOT = iphoneos;
				SWIFT_COMPILATION_MODE = wholemodule;
				SWIFT_OPTIMIZATION_LEVEL = "-O";
				VALIDATE_PRODUCT = YES;
			};
			name = Release;
		};
		57D7ECD7273D21A8000FDE32 /* Debug */ = {
			isa = XCBuildConfiguration;
			baseConfigurationReference = 8901973A6C4D6050267BA9B8 /* Pods-CoNo.debug.xcconfig */;
			buildSettings = {
				ALWAYS_EMBED_SWIFT_STANDARD_LIBRARIES = YES;
				ASSETCATALOG_COMPILER_APPICON_NAME = AppIcon;
				ASSETCATALOG_COMPILER_GLOBAL_ACCENT_COLOR_NAME = AccentColor;
				CODE_SIGN_STYLE = Automatic;
				CURRENT_PROJECT_VERSION = 1;
				DEVELOPMENT_TEAM = Z25H7B85Z8;
				GENERATE_INFOPLIST_FILE = YES;
				INFOPLIST_FILE = CoNo/Info.plist;
				INFOPLIST_KEY_UIApplicationSupportsIndirectInputEvents = YES;
				INFOPLIST_KEY_UILaunchStoryboardName = LaunchScreen;
				INFOPLIST_KEY_UISupportedInterfaceOrientations_iPad = "UIInterfaceOrientationPortrait UIInterfaceOrientationPortraitUpsideDown UIInterfaceOrientationLandscapeLeft UIInterfaceOrientationLandscapeRight";
				INFOPLIST_KEY_UISupportedInterfaceOrientations_iPhone = "UIInterfaceOrientationPortrait UIInterfaceOrientationLandscapeLeft UIInterfaceOrientationLandscapeRight";
				LD_RUNPATH_SEARCH_PATHS = (
					"$(inherited)",
					"@executable_path/Frameworks",
				);
				MARKETING_VERSION = 1.0;
				PRODUCT_BUNDLE_IDENTIFIER = com.rich.CoNo;
				PRODUCT_NAME = "$(TARGET_NAME)";
				SWIFT_EMIT_LOC_STRINGS = YES;
				SWIFT_VERSION = 5.0;
				TARGETED_DEVICE_FAMILY = 1;
			};
			name = Debug;
		};
		57D7ECD8273D21A8000FDE32 /* Release */ = {
			isa = XCBuildConfiguration;
			baseConfigurationReference = 91B07887F4A0BF6A70D84372 /* Pods-CoNo.release.xcconfig */;
			buildSettings = {
				ALWAYS_EMBED_SWIFT_STANDARD_LIBRARIES = YES;
				ASSETCATALOG_COMPILER_APPICON_NAME = AppIcon;
				ASSETCATALOG_COMPILER_GLOBAL_ACCENT_COLOR_NAME = AccentColor;
				CODE_SIGN_STYLE = Automatic;
				CURRENT_PROJECT_VERSION = 1;
				DEVELOPMENT_TEAM = 368YFJ26SB;
				GENERATE_INFOPLIST_FILE = YES;
				INFOPLIST_FILE = CoNo/Info.plist;
				INFOPLIST_KEY_UIApplicationSupportsIndirectInputEvents = YES;
				INFOPLIST_KEY_UILaunchStoryboardName = LaunchScreen;
				INFOPLIST_KEY_UISupportedInterfaceOrientations_iPad = "UIInterfaceOrientationPortrait UIInterfaceOrientationPortraitUpsideDown UIInterfaceOrientationLandscapeLeft UIInterfaceOrientationLandscapeRight";
				INFOPLIST_KEY_UISupportedInterfaceOrientations_iPhone = "UIInterfaceOrientationPortrait UIInterfaceOrientationLandscapeLeft UIInterfaceOrientationLandscapeRight";
				LD_RUNPATH_SEARCH_PATHS = (
					"$(inherited)",
					"@executable_path/Frameworks",
				);
				MARKETING_VERSION = 1.0;
				PRODUCT_BUNDLE_IDENTIFIER = com.rich.CoNo;
				PRODUCT_NAME = "$(TARGET_NAME)";
				SWIFT_EMIT_LOC_STRINGS = YES;
				SWIFT_VERSION = 5.0;
				TARGETED_DEVICE_FAMILY = 1;
			};
			name = Release;
		};
		57D7ECDA273D21A8000FDE32 /* Debug */ = {
			isa = XCBuildConfiguration;
			baseConfigurationReference = 9723AB8036BA92E7255FDED5 /* Pods-CoNoTests.debug.xcconfig */;
			buildSettings = {
				ALWAYS_EMBED_SWIFT_STANDARD_LIBRARIES = YES;
				BUNDLE_LOADER = "$(TEST_HOST)";
				CODE_SIGN_STYLE = Automatic;
				CURRENT_PROJECT_VERSION = 1;
				DEVELOPMENT_TEAM = Z25H7B85Z8;
				GENERATE_INFOPLIST_FILE = YES;
				IPHONEOS_DEPLOYMENT_TARGET = 15.0;
				LD_RUNPATH_SEARCH_PATHS = (
					"$(inherited)",
					"@executable_path/Frameworks",
					"@loader_path/Frameworks",
				);
				MARKETING_VERSION = 1.0;
				PRODUCT_BUNDLE_IDENTIFIER = com.rich.CoNoTests;
				PRODUCT_NAME = "$(TARGET_NAME)";
				SWIFT_EMIT_LOC_STRINGS = NO;
				SWIFT_VERSION = 5.0;
				TARGETED_DEVICE_FAMILY = "1,2";
				TEST_HOST = "$(BUILT_PRODUCTS_DIR)/CoNo.app/CoNo";
			};
			name = Debug;
		};
		57D7ECDB273D21A8000FDE32 /* Release */ = {
			isa = XCBuildConfiguration;
			baseConfigurationReference = 79F7C2E3A4243FAE00516799 /* Pods-CoNoTests.release.xcconfig */;
			buildSettings = {
				ALWAYS_EMBED_SWIFT_STANDARD_LIBRARIES = YES;
				BUNDLE_LOADER = "$(TEST_HOST)";
				CODE_SIGN_STYLE = Automatic;
				CURRENT_PROJECT_VERSION = 1;
				DEVELOPMENT_TEAM = Z25H7B85Z8;
				GENERATE_INFOPLIST_FILE = YES;
				IPHONEOS_DEPLOYMENT_TARGET = 15.0;
				LD_RUNPATH_SEARCH_PATHS = (
					"$(inherited)",
					"@executable_path/Frameworks",
					"@loader_path/Frameworks",
				);
				MARKETING_VERSION = 1.0;
				PRODUCT_BUNDLE_IDENTIFIER = com.rich.CoNoTests;
				PRODUCT_NAME = "$(TARGET_NAME)";
				SWIFT_EMIT_LOC_STRINGS = NO;
				SWIFT_VERSION = 5.0;
				TARGETED_DEVICE_FAMILY = "1,2";
				TEST_HOST = "$(BUILT_PRODUCTS_DIR)/CoNo.app/CoNo";
			};
			name = Release;
		};
		57D7ECDD273D21A8000FDE32 /* Debug */ = {
			isa = XCBuildConfiguration;
			baseConfigurationReference = 7B956ACBC5FD989B79AD7A79 /* Pods-CoNo-CoNoUITests.debug.xcconfig */;
			buildSettings = {
				ALWAYS_EMBED_SWIFT_STANDARD_LIBRARIES = YES;
				CODE_SIGN_STYLE = Automatic;
				CURRENT_PROJECT_VERSION = 1;
				DEVELOPMENT_TEAM = Z25H7B85Z8;
				GENERATE_INFOPLIST_FILE = YES;
				LD_RUNPATH_SEARCH_PATHS = (
					"$(inherited)",
					"@executable_path/Frameworks",
					"@loader_path/Frameworks",
				);
				MARKETING_VERSION = 1.0;
				PRODUCT_BUNDLE_IDENTIFIER = com.rich.CoNoUITests;
				PRODUCT_NAME = "$(TARGET_NAME)";
				SWIFT_EMIT_LOC_STRINGS = NO;
				SWIFT_VERSION = 5.0;
				TARGETED_DEVICE_FAMILY = "1,2";
				TEST_TARGET_NAME = CoNo;
			};
			name = Debug;
		};
		57D7ECDE273D21A8000FDE32 /* Release */ = {
			isa = XCBuildConfiguration;
			baseConfigurationReference = CB0EB536262A6370F4901DED /* Pods-CoNo-CoNoUITests.release.xcconfig */;
			buildSettings = {
				ALWAYS_EMBED_SWIFT_STANDARD_LIBRARIES = YES;
				CODE_SIGN_STYLE = Automatic;
				CURRENT_PROJECT_VERSION = 1;
				DEVELOPMENT_TEAM = Z25H7B85Z8;
				GENERATE_INFOPLIST_FILE = YES;
				LD_RUNPATH_SEARCH_PATHS = (
					"$(inherited)",
					"@executable_path/Frameworks",
					"@loader_path/Frameworks",
				);
				MARKETING_VERSION = 1.0;
				PRODUCT_BUNDLE_IDENTIFIER = com.rich.CoNoUITests;
				PRODUCT_NAME = "$(TARGET_NAME)";
				SWIFT_EMIT_LOC_STRINGS = NO;
				SWIFT_VERSION = 5.0;
				TARGETED_DEVICE_FAMILY = "1,2";
				TEST_TARGET_NAME = CoNo;
			};
			name = Release;
		};
/* End XCBuildConfiguration section */

/* Begin XCConfigurationList section */
		571DBD2E274335CE00133FEE /* Build configuration list for PBXNativeTarget "CovidDeshBoardExtension" */ = {
			isa = XCConfigurationList;
			buildConfigurations = (
				571DBD2C274335CE00133FEE /* Debug */,
				571DBD2D274335CE00133FEE /* Release */,
			);
			defaultConfigurationIsVisible = 0;
			defaultConfigurationName = Release;
		};
		57D7ECA7273D21A5000FDE32 /* Build configuration list for PBXProject "CoNo" */ = {
			isa = XCConfigurationList;
			buildConfigurations = (
				57D7ECD4273D21A8000FDE32 /* Debug */,
				57D7ECD5273D21A8000FDE32 /* Release */,
			);
			defaultConfigurationIsVisible = 0;
			defaultConfigurationName = Release;
		};
		57D7ECD6273D21A8000FDE32 /* Build configuration list for PBXNativeTarget "CoNo" */ = {
			isa = XCConfigurationList;
			buildConfigurations = (
				57D7ECD7273D21A8000FDE32 /* Debug */,
				57D7ECD8273D21A8000FDE32 /* Release */,
			);
			defaultConfigurationIsVisible = 0;
			defaultConfigurationName = Release;
		};
		57D7ECD9273D21A8000FDE32 /* Build configuration list for PBXNativeTarget "CoNoTests" */ = {
			isa = XCConfigurationList;
			buildConfigurations = (
				57D7ECDA273D21A8000FDE32 /* Debug */,
				57D7ECDB273D21A8000FDE32 /* Release */,
			);
			defaultConfigurationIsVisible = 0;
			defaultConfigurationName = Release;
		};
		57D7ECDC273D21A8000FDE32 /* Build configuration list for PBXNativeTarget "CoNoUITests" */ = {
			isa = XCConfigurationList;
			buildConfigurations = (
				57D7ECDD273D21A8000FDE32 /* Debug */,
				57D7ECDE273D21A8000FDE32 /* Release */,
			);
			defaultConfigurationIsVisible = 0;
			defaultConfigurationName = Release;
		};
/* End XCConfigurationList section */
	};
	rootObject = 57D7ECA4273D21A5000FDE32 /* Project object */;
}
