PODS:
  - Alamofire (5.4.4)
  - RxCocoa (6.1.0):
    - RxRelay (= 6.1.0)
    - RxSwift (= 6.1.0)
  - RxRelay (6.1.0):
    - RxSwift (= 6.1.0)
  - RxSwift (6.1.0)
  - SnapKit (5.0.1)
  - SwiftyXMLParser (5.5.0)
  - Then (2.7.0)

DEPENDENCIES:
  - Alamofire (~> 5.4)
  - RxCocoa (= 6.1.0)
  - RxSwift (= 6.1.0)
  - SnapKit (~> 5.0.0)
  - SwiftyXMLParser (from `https://github.com/yahoojapan/SwiftyXMLParser.git`)
  - Then

SPEC REPOS:
  trunk:
    - Alamofire
    - RxCocoa
    - RxRelay
    - RxSwift
    - SnapKit
    - Then

EXTERNAL SOURCES:
  SwiftyXMLParser:
    :git: https://github.com/yahoojapan/SwiftyXMLParser.git

CHECKOUT OPTIONS:
  SwiftyXMLParser:
    :commit: 41900bb1882e704a25d4946f2dbad71b4bb02b8f
    :git: https://github.com/yahoojapan/SwiftyXMLParser.git

SPEC CHECKSUMS:
  Alamofire: f3b09a368f1582ab751b3fff5460276e0d2cf5c9
  RxCocoa: 5c51f02d562cbd94629f6c26cf0c80fe4ab8d343
  RxRelay: 483e1a19fad961b41f0b0c0bee506f46c1ae14fe
  RxSwift: a834e5c538e89eca0cae86f403f4fbf0336786ce
  SnapKit: 97b92857e3df3a0c71833cce143274bf6ef8e5eb
  SwiftyXMLParser: 027d9e6fb54a38d95dccec025bcea9693f699c47
  Then: acfe0be7e98221c6204e12f8161459606d5d822d

PODFILE CHECKSUM: d95b1d23b05052c66fdf3f1546a1535b793a31f9

COCOAPODS: 1.10.1
